
Microsoft Visual Studio Solution File, Format Version 12.00
# Visual Studio 15
VisualStudioVersion = 15.0.27130.2027
MinimumVisualStudioVersion = 10.0.40219.1
Project("{9A19103F-16F7-4668-BE54-9A1E7A4F7556}") = "Remote.Volume", "Remote.Volume\Remote.Volume.csproj", "{EC064BBD-B6B9-4670-9A5B-E7A57EC0B3EB}"
EndProject
Project("{FAE04EC0-301F-11D3-BF4B-00C04F79EFBC}") = "Remote.Volume.WinForms", "Remote.Volume.WinForms\Remote.Volume.WinForms.csproj", "{94E786B1-D07A-4C03-940E-4756F9F91FBB}"
EndProject
Project("{FAE04EC0-301F-11D3-BF4B-00C04F79EFBC}") = "Remote.Volume.Common", "Remote.Volume.Common\Remote.Volume.Common.csproj", "{40A943A7-4B7A-4692-BE8C-CADEFB44476E}"
EndProject
Global
	GlobalSection(SolutionConfigurationPlatforms) = preSolution
		Debug|Any CPU = Debug|Any CPU
		Release|Any CPU = Release|Any CPU
	EndGlobalSection
	GlobalSection(ProjectConfigurationPlatforms) = postSolution
		{EC064BBD-B6B9-4670-9A5B-E7A57EC0B3EB}.Debug|Any CPU.ActiveCfg = Debug|Any CPU
		{EC064BBD-B6B9-4670-9A5B-E7A57EC0B3EB}.Debug|Any CPU.Build.0 = Debug|Any CPU
		{EC064BBD-B6B9-4670-9A5B-E7A57EC0B3EB}.Release|Any CPU.ActiveCfg = Release|Any CPU
		{EC064BBD-B6B9-4670-9A5B-E7A57EC0B3EB}.Release|Any CPU.Build.0 = Release|Any CPU
		{94E786B1-D07A-4C03-940E-4756F9F91FBB}.Debug|Any CPU.ActiveCfg = Debug|Any CPU
		{94E786B1-D07A-4C03-940E-4756F9F91FBB}.Debug|Any CPU.Build.0 = Debug|Any CPU
		{94E786B1-D07A-4C03-940E-4756F9F91FBB}.Release|Any CPU.ActiveCfg = Release|Any CPU
		{94E786B1-D07A-4C03-940E-4756F9F91FBB}.Release|Any CPU.Build.0 = Release|Any CPU
		{40A943A7-4B7A-4692-BE8C-CADEFB44476E}.Debug|Any CPU.ActiveCfg = Debug|Any CPU
		{40A943A7-4B7A-4692-BE8C-CADEFB44476E}.Debug|Any CPU.Build.0 = Debug|Any CPU
		{40A943A7-4B7A-4692-BE8C-CADEFB44476E}.Release|Any CPU.ActiveCfg = Release|Any CPU
		{40A943A7-4B7A-4692-BE8C-CADEFB44476E}.Release|Any CPU.Build.0 = Release|Any CPU
	EndGlobalSection
	GlobalSection(SolutionProperties) = preSolution
		HideSolutionNode = FALSE
	EndGlobalSection
	GlobalSection(ExtensibilityGlobals) = postSolution
		SolutionGuid = {FEE4E856-A10F-4BDF-8666-56B91443B8CA}
	EndGlobalSection
EndGlobal
